{
  "name": "install-test",
  "version": "1.0.0",
  "lockfileVersion": 3,
  "requires": true,
  "packages": {
    "": {
      "name": "install-test",
      "version": "1.0.0",
      "license": "ISC",
      "dependencies": {
        "@mdwrk/extension-catalog-hello": "file:../../artifacts/packs/mdwrk-extension-catalog-hello-1.1.0-rc.1.tgz",
        "@mdwrk/extension-gemini-agent": "file:../../artifacts/packs/mdwrk-extension-gemini-agent-1.1.0-rc.1.tgz",
        "@mdwrk/extension-host": "file:../../artifacts/packs/mdwrk-extension-host-1.0.1.tgz",
        "@mdwrk/extension-manager": "file:../../artifacts/packs/mdwrk-extension-manager-1.1.0-rc.1.tgz",
        "@mdwrk/extension-manifest": "file:../../artifacts/packs/mdwrk-extension-manifest-1.0.0.tgz",
        "@mdwrk/extension-runtime": "file:../../artifacts/packs/mdwrk-extension-runtime-1.1.0-rc.1.tgz",
        "@mdwrk/extension-theme-studio": "file:../../artifacts/packs/mdwrk-extension-theme-studio-1.1.0-rc.1.tgz",
        "@mdwrk/i18n": "file:../../artifacts/packs/mdwrk-i18n-1.1.0-rc.1.tgz",
        "@mdwrk/icons": "file:../../artifacts/packs/mdwrk-icons-1.0.0.tgz",
        "@mdwrk/markdown-editor-core": "file:../../artifacts/packs/mdwrk-markdown-editor-core-1.1.0-rc.1.tgz",
        "@mdwrk/markdown-editor-react": "file:../../artifacts/packs/mdwrk-markdown-editor-react-1.1.0-rc.1.tgz",
        "@mdwrk/markdown-renderer-core": "file:../../artifacts/packs/mdwrk-markdown-renderer-core-1.1.0-rc.1.tgz",
        "@mdwrk/markdown-renderer-react": "file:../../artifacts/packs/mdwrk-markdown-renderer-react-1.1.0-rc.1.tgz",
        "@mdwrk/mdwrkspace": "file:../../artifacts/packs/mdwrk-mdwrkspace-1.4.0-rc.1.tgz",
        "@mdwrk/testing": "file:../../artifacts/packs/mdwrk-testing-1.0.0.tgz",
        "@mdwrk/theme-contract": "file:../../artifacts/packs/mdwrk-theme-contract-1.1.0-rc.1.tgz",
        "@mdwrk/ui-tokens": "file:../../artifacts/packs/mdwrk-ui-tokens-1.2.0-rc.1.tgz"
      }
    },
    "node_modules/@babel/runtime": {
      "version": "7.29.2",
      "resolved": "https://packages.applied-caas-gateway1.internal.api.openai.org/artifactory/api/npm/npm-public/@babel/runtime/-/runtime-7.29.2.tgz",
      "integrity": "sha512-JiDShH45zKHWyGe4ZNVRrCjBz8Nh9TMmZG1kh4QTK8hCBTWBi8Da+i7s1fJw7/lYpM4ccepSNfqzZ/QvABBi5g==",
      "license": "MIT",
      "engines": {
        "node": ">=6.9.0"
      }
    },
    "node_modules/@mdwrk/extension-catalog-hello": {
      "version": "1.1.0-rc.1",
      "resolved": "file:../../artifacts/packs/mdwrk-extension-catalog-hello-1.1.0-rc.1.tgz",
      "integrity": "sha512-fnMO4UCSzXDXO2ntgntQL5hSB2xTpYKI57Z2dMUNi08Ey/2zEkLSZh3o6ZlwaPz12NuW60gp23DQ3qpNijWHkg==",
      "license": "Apache-2.0",
      "dependencies": {
        "@mdwrk/extension-host": "^1.0.1",
        "@mdwrk/extension-manifest": "^1.0.0"
      },
      "engines": {
        "node": ">=20 <23"
      }
    },
    "node_modules/@mdwrk/extension-gemini-agent": {
      "version": "1.1.0-rc.1",
      "resolved": "file:../../artifacts/packs/mdwrk-extension-gemini-agent-1.1.0-rc.1.tgz",
      "integrity": "sha512-o5pJUOUL13+61qxXEiHqgqy17nmiaZmxZNXOFoMW6xG/G3zKlSmN8A0cg3Y85sGnY2husIEOg1i4hSoMtX0hIg==",
      "license": "Apache-2.0",
      "dependencies": {
        "@mdwrk/extension-host": "^1.0.1",
        "@mdwrk/extension-manifest": "^1.0.0",
        "@mdwrk/extension-runtime": "^1.1.0-rc.1"
      },
      "engines": {
        "node": ">=20 <23"
      },
      "peerDependencies": {
        "react": "^19.0.0",
        "react-dom": "^19.0.0"
      }
    },
    "node_modules/@mdwrk/extension-host": {
      "version": "1.0.1",
      "resolved": "file:../../artifacts/packs/mdwrk-extension-host-1.0.1.tgz",
      "integrity": "sha512-SbdEMP53v7bTR5ndbM1QvbWFAIEXsotK7nIHYJJ/0OEMQ9Bli45U6rIZa5cOEWpRDcNOgGF5TvRS5GhZc3cx2Q==",
      "license": "Apache-2.0",
      "dependencies": {
        "@mdwrk/extension-manifest": "^1.0.0",
        "@mdwrk/theme-contract": "^1.1.0-rc.1"
      },
      "engines": {
        "node": ">=20 <23"
      }
    },
    "node_modules/@mdwrk/extension-manager": {
      "version": "1.1.0-rc.1",
      "resolved": "file:../../artifacts/packs/mdwrk-extension-manager-1.1.0-rc.1.tgz",
      "integrity": "sha512-0vSfTeJyoK4KyX66xa3RvkIophtsKF9NqiT0cDoIxoz1hyOxRib7wN2QLnnDmRlAU2csl/waKhhNJ1nfaN4fgg==",
      "license": "Apache-2.0",
      "dependencies": {
        "@mdwrk/extension-host": "^1.0.1",
        "@mdwrk/extension-manifest": "^1.0.0",
        "@mdwrk/extension-runtime": "^1.1.0-rc.1",
        "lucide-react": "^0.475.0"
      },
      "engines": {
        "node": ">=20 <23"
      },
      "peerDependencies": {
        "react": "^19.0.0",
        "react-dom": "^19.0.0"
      }
    },
    "node_modules/@mdwrk/extension-manifest": {
      "version": "1.0.0",
      "resolved": "file:../../artifacts/packs/mdwrk-extension-manifest-1.0.0.tgz",
      "integrity": "sha512-e3isGQ6iv2v0SuauIackvjRggjBpz2p26khU5+X/H0CvBky8FK/ZRZ88F+PhODWH9rg4t2VVF9N4KZrs1acdNw==",
      "license": "Apache-2.0",
      "engines": {
        "node": ">=20 <23"
      }
    },
    "node_modules/@mdwrk/extension-runtime": {
      "version": "1.1.0-rc.1",
      "resolved": "file:../../artifacts/packs/mdwrk-extension-runtime-1.1.0-rc.1.tgz",
      "integrity": "sha512-ketzEGo2m6xGjvSvggsd/oUOlH7BZwlkBmcX0q1dwtIzLZPMoRCqkdWcIoMVd6Btug1qUh075J1/Odgida/cdQ==",
      "license": "Apache-2.0",
      "dependencies": {
        "@mdwrk/extension-host": "^1.0.1",
        "@mdwrk/extension-manifest": "^1.0.0",
        "@mdwrk/theme-contract": "^1.1.0-rc.1"
      },
      "engines": {
        "node": ">=20 <23"
      }
    },
    "node_modules/@mdwrk/extension-theme-studio": {
      "version": "1.1.0-rc.1",
      "resolved": "file:../../artifacts/packs/mdwrk-extension-theme-studio-1.1.0-rc.1.tgz",
      "integrity": "sha512-2uIIP/T5/XiVEtByR4EXAdz0vKGKBfIUgxznKs5MIfT9q+0mU4UiO9ZLrsYpaqjmAo7PEQVf6kgkytikes+5Fg==",
      "license": "Apache-2.0",
      "dependencies": {
        "@mdwrk/extension-host": "^1.0.1",
        "@mdwrk/extension-manifest": "^1.0.0",
        "@mdwrk/extension-runtime": "^1.1.0-rc.1",
        "@mdwrk/markdown-editor-react": "^1.1.0-rc.1",
        "@mdwrk/markdown-renderer-react": "^1.1.0-rc.1",
        "@mdwrk/theme-contract": "^1.1.0-rc.1",
        "@mdwrk/ui-tokens": "^1.2.0-rc.1",
        "lucide-react": "^0.475.0"
      },
      "engines": {
        "node": ">=20 <23"
      },
      "peerDependencies": {
        "react": "^19.0.0",
        "react-dom": "^19.0.0"
      }
    },
    "node_modules/@mdwrk/i18n": {
      "version": "1.1.0-rc.1",
      "resolved": "file:../../artifacts/packs/mdwrk-i18n-1.1.0-rc.1.tgz",
      "integrity": "sha512-PGUnh2PilRAykNx26zQqGSx4RZu4luhUmDLCTnBcc7VkhnKQWaprwjuZzoX4VQ/CWDwZXemU6NFpM8mnYZsMbA==",
      "license": "Apache-2.0",
      "engines": {
        "node": ">=20 <23"
      }
    },
    "node_modules/@mdwrk/icons": {
      "version": "1.0.0",
      "resolved": "file:../../artifacts/packs/mdwrk-icons-1.0.0.tgz",
      "integrity": "sha512-eQc2+CBhWD1WlUNqtyf1QCKCdufgpd+73uAGc7a6csCO0Iq8X8KV9E02B0icBG9Cr9qfLnlYaid/8+oKsj/yEA==",
      "license": "Apache-2.0",
      "engines": {
        "node": ">=20 <23"
      }
    },
    "node_modules/@mdwrk/markdown-editor-core": {
      "version": "1.1.0-rc.1",
      "resolved": "file:../../artifacts/packs/mdwrk-markdown-editor-core-1.1.0-rc.1.tgz",
      "integrity": "sha512-sO2OKXLrA42TNZ6yFktYd1WRmJ9HNFwRiFpaZJDN4iT/As1uWn+JnZt/LEEa69EmMi2lBBvLRm/B9O86RGbeXQ==",
      "license": "Apache-2.0",
      "engines": {
        "node": ">=20 <23"
      }
    },
    "node_modules/@mdwrk/markdown-editor-react": {
      "version": "1.1.0-rc.1",
      "resolved": "file:../../artifacts/packs/mdwrk-markdown-editor-react-1.1.0-rc.1.tgz",
      "integrity": "sha512-UYO7MoiJ7yJX05wF0mbt47S2xhCkzyL/TmLLNW61k3THtJJkM6aHTp7TBc3GGGc5FgsoaW3G6EBG4eQtRxd/QQ==",
      "license": "Apache-2.0",
      "dependencies": {
        "@mdwrk/markdown-editor-core": "^1.1.0-rc.1",
        "@mdwrk/ui-tokens": "^1.2.0-rc.1"
      },
      "engines": {
        "node": ">=20 <23"
      },
      "peerDependencies": {
        "react": "^19.0.0",
        "react-dom": "^19.0.0"
      }
    },
    "node_modules/@mdwrk/markdown-renderer-core": {
      "version": "1.1.0-rc.1",
      "resolved": "file:../../artifacts/packs/mdwrk-markdown-renderer-core-1.1.0-rc.1.tgz",
      "integrity": "sha512-ra5c40SBG4vphGdzCYa+1OYvRi3z07nnTfx6ipRoTjpkxcvN8PzTudxTB2q18x5f+/J7Ql9QuZZmieTi/Nzv0w==",
      "license": "Apache-2.0",
      "engines": {
        "node": ">=20 <23"
      }
    },
    "node_modules/@mdwrk/markdown-renderer-react": {
      "version": "1.1.0-rc.1",
      "resolved": "file:../../artifacts/packs/mdwrk-markdown-renderer-react-1.1.0-rc.1.tgz",
      "integrity": "sha512-pmknRJyoWM10uWf8TnSZimdIE5ksyo8k4w9DYLCw4Y8fV3NFg786ucKrOgI2L1y3iipkuJj6DpNMb6Cwa8Xv1g==",
      "license": "Apache-2.0",
      "dependencies": {
        "@mdwrk/markdown-renderer-core": "^1.1.0-rc.1",
        "@mdwrk/ui-tokens": "^1.2.0-rc.1"
      },
      "engines": {
        "node": ">=20 <23"
      },
      "peerDependencies": {
        "react": "^19.0.0",
        "react-dom": "^19.0.0"
      }
    },
    "node_modules/@mdwrk/mdwrkspace": {
      "version": "1.4.0-rc.1",
      "resolved": "file:../../artifacts/packs/mdwrk-mdwrkspace-1.4.0-rc.1.tgz",
      "integrity": "sha512-1AoY+o4NpTwjBHhr9lp6F7Lzxk2dCbydBxuaSUWBtyD5n8RqZB5qSHnB0tOaQT9VEvlTnd8rFTCRQ5yijE6yyw==",
      "license": "Apache-2.0",
      "dependencies": {
        "@mdwrk/extension-gemini-agent": "^1.1.0-rc.1",
        "@mdwrk/extension-host": "^1.0.1",
        "@mdwrk/extension-manager": "^1.1.0-rc.1",
        "@mdwrk/extension-manifest": "^1.0.0",
        "@mdwrk/extension-runtime": "^1.1.0-rc.1",
        "@mdwrk/extension-theme-studio": "^1.1.0-rc.1",
        "@mdwrk/i18n": "^1.1.0-rc.1",
        "@mdwrk/icons": "^1.0.0",
        "@mdwrk/markdown-editor-react": "^1.1.0-rc.1",
        "@mdwrk/markdown-renderer-core": "^1.1.0-rc.1",
        "@mdwrk/markdown-renderer-react": "^1.1.0-rc.1",
        "@mdwrk/theme-contract": "^1.1.0-rc.1",
        "@mdwrk/ui-tokens": "^1.2.0-rc.1",
        "jszip": "^3.10.1",
        "lucide-react": "^0.475.0",
        "react": "^19.0.0",
        "react-dom": "^19.0.0",
        "react-syntax-highlighter": "^15.6.1"
      },
      "engines": {
        "node": ">=20 <23",
        "npm": ">=10"
      }
    },
    "node_modules/@mdwrk/testing": {
      "version": "1.0.0",
      "resolved": "file:../../artifacts/packs/mdwrk-testing-1.0.0.tgz",
      "integrity": "sha512-GbKty1WAyhBs0L0VmO3FFx3YAM4zDzJ4URUOTNpa7JdBdrB/iiAhPtU8zieBLs3hhWiL53CQviwCt+LUhcza9g==",
      "license": "Apache-2.0",
      "engines": {
        "node": ">=20 <23"
      }
    },
    "node_modules/@mdwrk/theme-contract": {
      "version": "1.1.0-rc.1",
      "resolved": "file:../../artifacts/packs/mdwrk-theme-contract-1.1.0-rc.1.tgz",
      "integrity": "sha512-6Xls20a8TdftiZOH4QPfRrugkfS/Aw1HZIsDtXt7KIqokccjL4knYzL7HDVbUj+4LlhvHyebxSSWbS1dDDalGw==",
      "license": "Apache-2.0",
      "engines": {
        "node": ">=20 <23"
      }
    },
    "node_modules/@mdwrk/ui-tokens": {
      "version": "1.2.0-rc.1",
      "resolved": "file:../../artifacts/packs/mdwrk-ui-tokens-1.2.0-rc.1.tgz",
      "integrity": "sha512-glI+qI5g57DRUjAuk2as/VJ/Py6niuS/zI+0pFfaKbnSPE6casaCcErMFBJHBxhK8N0SueIoIqc7QYGM6iQHlw==",
      "license": "Apache-2.0",
      "dependencies": {
        "@mdwrk/theme-contract": "^1.1.0-rc.1"
      },
      "engines": {
        "node": ">=20 <23"
      }
    },
    "node_modules/@types/hast": {
      "version": "2.3.10",
      "resolved": "https://packages.applied-caas-gateway1.internal.api.openai.org/artifactory/api/npm/npm-public/@types/hast/-/hast-2.3.10.tgz",
      "integrity": "sha512-McWspRw8xx8J9HurkVBfYj0xKoE25tOFlHGdx4MJ5xORQrMGZNqJhVQWaIbm6Oyla5kYOXtDiopzKRJzEOkwJw==",
      "license": "MIT",
      "dependencies": {
        "@types/unist": "^2"
      }
    },
    "node_modules/@types/unist": {
      "version": "2.0.11",
      "resolved": "https://packages.applied-caas-gateway1.internal.api.openai.org/artifactory/api/npm/npm-public/@types/unist/-/unist-2.0.11.tgz",
      "integrity": "sha512-CmBKiL6NNo/OqgmMn95Fk9Whlp2mtvIv+KNpQKN2F4SjvrEesubTRWGYSg+BnWZOnlCaSTU1sMpsBOzgbYhnsA==",
      "license": "MIT"
    },
    "node_modules/character-entities": {
      "version": "1.2.4",
      "resolved": "https://packages.applied-caas-gateway1.internal.api.openai.org/artifactory/api/npm/npm-public/character-entities/-/character-entities-1.2.4.tgz",
      "integrity": "sha512-iBMyeEHxfVnIakwOuDXpVkc54HijNgCyQB2w0VfGQThle6NXn50zU6V/u+LDhxHcDUPojn6Kpga3PTAD8W1bQw==",
      "license": "MIT",
      "funding": {
        "type": "github",
        "url": "https://github.com/sponsors/wooorm"
      }
    },
    "node_modules/character-entities-legacy": {
      "version": "1.1.4",
      "resolved": "https://packages.applied-caas-gateway1.internal.api.openai.org/artifactory/api/npm/npm-public/character-entities-legacy/-/character-entities-legacy-1.1.4.tgz",
      "integrity": "sha512-3Xnr+7ZFS1uxeiUDvV02wQ+QDbc55o97tIV5zHScSPJpcLm/r0DFPcoY3tYRp+VZukxuMeKgXYmsXQHO05zQeA==",
      "license": "MIT",
      "funding": {
        "type": "github",
        "url": "https://github.com/sponsors/wooorm"
      }
    },
    "node_modules/character-reference-invalid": {
      "version": "1.1.4",
      "resolved": "https://packages.applied-caas-gateway1.internal.api.openai.org/artifactory/api/npm/npm-public/character-reference-invalid/-/character-reference-invalid-1.1.4.tgz",
      "integrity": "sha512-mKKUkUbhPpQlCOfIuZkvSEgktjPFIsZKRRbC6KWVEMvlzblj3i3asQv5ODsrwt0N3pHAEvjP8KTQPHkp0+6jOg==",
      "funding": {
        "type": "github",
        "url": "https://github.com/sponsors/wooorm"
      }
    },
    "node_modules/comma-separated-tokens": {
      "version": "1.0.8",
      "resolved": "https://packages.applied-caas-gateway1.internal.api.openai.org/artifactory/api/npm/npm-public/comma-separated-tokens/-/comma-separated-tokens-1.0.8.tgz",
      "integrity": "sha512-GHuDRO12Sypu2cV70d1dkA2EUmXHgntrzbpvOB+Qy+49ypNfGgFQIC2fhhXbnyrJRynDCAARsT7Ou0M6hirpfw==",
      "funding": {
        "type": "github",
        "url": "https://github.com/sponsors/wooorm"
      }
    },
    "node_modules/core-util-is": {
      "version": "1.0.3",
      "resolved": "https://packages.applied-caas-gateway1.internal.api.openai.org/artifactory/api/npm/npm-public/core-util-is/-/core-util-is-1.0.3.tgz",
      "integrity": "sha512-ZQBvi1DcpJ4GDqanjucZ2Hj3wEO5pZDS89BWbkcrvdxksJorwUDDZamX9ldFkp9aw2lmBDLgkObEA4DWNJ9FYQ==",
      "license": "MIT"
    },
    "node_modules/fault": {
      "version": "1.0.4",
      "resolved": "https://packages.applied-caas-gateway1.internal.api.openai.org/artifactory/api/npm/npm-public/fault/-/fault-1.0.4.tgz",
      "integrity": "sha512-CJ0HCB5tL5fYTEA7ToAq5+kTwd++Borf1/bifxd9iT70QcXr4MRrO3Llf8Ifs70q+SJcGHFtnIE/Nw6giCtECA==",
      "license": "MIT",
      "dependencies": {
        "format": "^0.2.0"
      },
      "funding": {
        "type": "github",
        "url": "https://github.com/sponsors/wooorm"
      }
    },
    "node_modules/format": {
      "version": "0.2.2",
      "resolved": "https://packages.applied-caas-gateway1.internal.api.openai.org/artifactory/api/npm/npm-public/format/-/format-0.2.2.tgz",
      "integrity": "sha512-wzsgA6WOq+09wrU1tsJ09udeR/YZRaeArL9e1wPbFg3GG2yDnC2ldKpxs4xunpFF9DgqCqOIra3bc1HWrJ37Ww==",
      "engines": {
        "node": ">=0.4.x"
      }
    },
    "node_modules/hast-util-parse-selector": {
      "version": "2.2.5",
      "resolved": "https://packages.applied-caas-gateway1.internal.api.openai.org/artifactory/api/npm/npm-public/hast-util-parse-selector/-/hast-util-parse-selector-2.2.5.tgz",
      "integrity": "sha512-7j6mrk/qqkSehsM92wQjdIgWM2/BW61u/53G6xmC8i1OmEdKLHbk419QKQUjz6LglWsfqoiHmyMRkP1BGjecNQ==",
      "license": "MIT",
      "funding": {
        "type": "opencollective",
        "url": "https://opencollective.com/unified"
      }
    },
    "node_modules/hastscript": {
      "version": "6.0.0",
      "resolved": "https://packages.applied-caas-gateway1.internal.api.openai.org/artifactory/api/npm/npm-public/hastscript/-/hastscript-6.0.0.tgz",
      "integrity": "sha512-nDM6bvd7lIqDUiYEiu5Sl/+6ReP0BMk/2f4U/Rooccxkj0P5nm+acM5PrGJ/t5I8qPGiqZSE6hVAwZEdZIvP4w==",
      "license": "MIT",
      "dependencies": {
        "@types/hast": "^2.0.0",
        "comma-separated-tokens": "^1.0.0",
        "hast-util-parse-selector": "^2.0.0",
        "property-information": "^5.0.0",
        "space-separated-tokens": "^1.0.0"
      },
      "funding": {
        "type": "opencollective",
        "url": "https://opencollective.com/unified"
      }
    },
    "node_modules/highlight.js": {
      "version": "10.7.3",
      "resolved": "https://packages.applied-caas-gateway1.internal.api.openai.org/artifactory/api/npm/npm-public/highlight.js/-/highlight.js-10.7.3.tgz",
      "integrity": "sha512-tzcUFauisWKNHaRkN4Wjl/ZA07gENAjFl3J/c480dprkGTg5EQstgaNFqBfUqCq54kZRIEcreTsAgF/m2quD7A==",
      "license": "BSD-3-Clause",
      "engines": {
        "node": "*"
      }
    },
    "node_modules/highlightjs-vue": {
      "version": "1.0.0",
      "resolved": "https://packages.applied-caas-gateway1.internal.api.openai.org/artifactory/api/npm/npm-public/highlightjs-vue/-/highlightjs-vue-1.0.0.tgz",
      "integrity": "sha512-PDEfEF102G23vHmPhLyPboFCD+BkMGu+GuJe2d9/eH4FsCwvgBpnc9n0pGE+ffKdph38s6foEZiEjdgHdzp+IA==",
      "license": "CC0-1.0"
    },
    "node_modules/immediate": {
      "version": "3.0.6",
      "resolved": "https://packages.applied-caas-gateway1.internal.api.openai.org/artifactory/api/npm/npm-public/immediate/-/immediate-3.0.6.tgz",
      "integrity": "sha512-XXOFtyqDjNDAQxVfYxuF7g9Il/IbWmmlQg2MYKOH8ExIT1qg6xc4zyS3HaEEATgs1btfzxq15ciUiY7gjSXRGQ==",
      "license": "MIT"
    },
    "node_modules/inherits": {
      "version": "2.0.4",
      "resolved": "https://packages.applied-caas-gateway1.internal.api.openai.org/artifactory/api/npm/npm-public/inherits/-/inherits-2.0.4.tgz",
      "integrity": "sha512-k/vGaX4/Yla3WzyMCvTQOXYeIHvqOKtnqBduzTHpzpQZzAskKMhZ2K+EnBiSM9zGSoIFeMpXKxa4dYeZIQqewQ=="
    },
    "node_modules/is-alphabetical": {
      "version": "1.0.4",
      "resolved": "https://packages.applied-caas-gateway1.internal.api.openai.org/artifactory/api/npm/npm-public/is-alphabetical/-/is-alphabetical-1.0.4.tgz",
      "integrity": "sha512-DwzsA04LQ10FHTZuL0/grVDk4rFoVH1pjAToYwBrHSxcrBIGQuXrQMtD5U1b0U2XVgKZCTLLP8u2Qxqhy3l2Vg==",
      "license": "MIT",
      "funding": {
        "type": "github",
        "url": "https://github.com/sponsors/wooorm"
      }
    },
    "node_modules/is-alphanumerical": {
      "version": "1.0.4",
      "resolved": "https://packages.applied-caas-gateway1.internal.api.openai.org/artifactory/api/npm/npm-public/is-alphanumerical/-/is-alphanumerical-1.0.4.tgz",
      "integrity": "sha512-UzoZUr+XfVz3t3v4KyGEniVL9BDRoQtY7tOyrRybkVNjDFWyo1yhXNGrrBTQxp3ib9BLAWs7k2YKBQsFRkZG9A==",
      "license": "MIT",
      "dependencies": {
        "is-alphabetical": "^1.0.0",
        "is-decimal": "^1.0.0"
      },
      "funding": {
        "type": "github",
        "url": "https://github.com/sponsors/wooorm"
      }
    },
    "node_modules/is-decimal": {
      "version": "1.0.4",
      "resolved": "https://packages.applied-caas-gateway1.internal.api.openai.org/artifactory/api/npm/npm-public/is-decimal/-/is-decimal-1.0.4.tgz",
      "integrity": "sha512-RGdriMmQQvZ2aqaQq3awNA6dCGtKpiDFcOzrTWrDAT2MiWrKQVPmxLGHl7Y2nNu6led0kEyoX0enY0qXYsv9zw==",
      "funding": {
        "type": "github",
        "url": "https://github.com/sponsors/wooorm"
      }
    },
    "node_modules/is-hexadecimal": {
      "version": "1.0.4",
      "resolved": "https://packages.applied-caas-gateway1.internal.api.openai.org/artifactory/api/npm/npm-public/is-hexadecimal/-/is-hexadecimal-1.0.4.tgz",
      "integrity": "sha512-gyPJuv83bHMpocVYoqof5VDiZveEoGoFL8m3BXNb2VW8Xs+rz9kqO8LOQ5DH6EsuvilT1ApazU0pyl+ytbPtlw==",
      "license": "MIT",
      "funding": {
        "type": "github",
        "url": "https://github.com/sponsors/wooorm"
      }
    },
    "node_modules/isarray": {
      "version": "1.0.0",
      "resolved": "https://packages.applied-caas-gateway1.internal.api.openai.org/artifactory/api/npm/npm-public/isarray/-/isarray-1.0.0.tgz",
      "integrity": "sha512-VLghIWNM6ELQzo7zwmcg0NmTVyWKYjvIeM83yjp0wRDTmUnrM678fQbcKBo6n2CJEF0szoG//ytg+TKla89ALQ==",
      "license": "MIT"
    },
    "node_modules/jszip": {
      "version": "3.10.1",
      "resolved": "https://packages.applied-caas-gateway1.internal.api.openai.org/artifactory/api/npm/npm-public/jszip/-/jszip-3.10.1.tgz",
      "integrity": "sha512-xXDvecyTpGLrqFrvkrUSoxxfJI5AH7U8zxxtVclpsUtMCq4JQ290LY8AW5c7Ggnr/Y/oK+bQMbqK2qmtk3pN4g==",
      "license": "(MIT OR GPL-3.0-or-later)",
      "dependencies": {
        "lie": "~3.3.0",
        "pako": "~1.0.2",
        "readable-stream": "~2.3.6",
        "setimmediate": "^1.0.5"
      }
    },
    "node_modules/lie": {
      "version": "3.3.0",
      "resolved": "https://packages.applied-caas-gateway1.internal.api.openai.org/artifactory/api/npm/npm-public/lie/-/lie-3.3.0.tgz",
      "integrity": "sha512-UaiMJzeWRlEujzAuw5LokY1L5ecNQYZKfmyZ9L7wDHb/p5etKaxXhohBcrw0EYby+G/NA52vRSN4N39dxHAIwQ==",
      "license": "MIT",
      "dependencies": {
        "immediate": "~3.0.5"
      }
    },
    "node_modules/lowlight": {
      "version": "1.20.0",
      "resolved": "https://packages.applied-caas-gateway1.internal.api.openai.org/artifactory/api/npm/npm-public/lowlight/-/lowlight-1.20.0.tgz",
      "integrity": "sha512-8Ktj+prEb1RoCPkEOrPMYUN/nCggB7qAWe3a7OpMjWQkh3l2RD5wKRQ+o8Q8YuI9RG/xs95waaI/E6ym/7NsTw==",
      "license": "MIT",
      "dependencies": {
        "fault": "^1.0.0",
        "highlight.js": "~10.7.0"
      },
      "funding": {
        "type": "github",
        "url": "https://github.com/sponsors/wooorm"
      }
    },
    "node_modules/lucide-react": {
      "version": "0.475.0",
      "resolved": "https://packages.applied-caas-gateway1.internal.api.openai.org/artifactory/api/npm/npm-public/lucide-react/-/lucide-react-0.475.0.tgz",
      "integrity": "sha512-NJzvVu1HwFVeZ+Gwq2q00KygM1aBhy/ZrhY9FsAgJtpB+E4R7uxRk9M2iKvHa6/vNxZydIB59htha4c2vvwvVg==",
      "license": "ISC",
      "peerDependencies": {
        "react": "^16.5.1 || ^17.0.0 || ^18.0.0 || ^19.0.0"
      }
    },
    "node_modules/pako": {
      "version": "1.0.11",
      "resolved": "https://packages.applied-caas-gateway1.internal.api.openai.org/artifactory/api/npm/npm-public/pako/-/pako-1.0.11.tgz",
      "integrity": "sha512-4hLB8Py4zZce5s4yd9XzopqwVv/yGNhV1Bl8NTmCq1763HeK2+EwVTv+leGeL13Dnh2wfbqowVPXCIO0z4taYw==",
      "license": "(MIT AND Zlib)"
    },
    "node_modules/parse-entities": {
      "version": "2.0.0",
      "resolved": "https://packages.applied-caas-gateway1.internal.api.openai.org/artifactory/api/npm/npm-public/parse-entities/-/parse-entities-2.0.0.tgz",
      "integrity": "sha512-kkywGpCcRYhqQIchaWqZ875wzpS/bMKhz5HnN3p7wveJTkTtyAB/AlnS0f8DFSqYW1T82t6yEAkEcB+A1I3MbQ==",
      "dependencies": {
        "character-entities": "^1.0.0",
        "character-entities-legacy": "^1.0.0",
        "character-reference-invalid": "^1.0.0",
        "is-alphanumerical": "^1.0.0",
        "is-decimal": "^1.0.0",
        "is-hexadecimal": "^1.0.0"
      },
      "funding": {
        "type": "github",
        "url": "https://github.com/sponsors/wooorm"
      }
    },
    "node_modules/prismjs": {
      "version": "1.30.0",
      "resolved": "https://packages.applied-caas-gateway1.internal.api.openai.org/artifactory/api/npm/npm-public/prismjs/-/prismjs-1.30.0.tgz",
      "integrity": "sha512-DEvV2ZF2r2/63V+tK8hQvrR2ZGn10srHbXviTlcv7Kpzw8jWiNTqbVgjO3IY8RxrrOUF8VPMQQFysYYYv0YZxw==",
      "license": "MIT",
      "engines": {
        "node": ">=6"
      }
    },
    "node_modules/process-nextick-args": {
      "version": "2.0.1",
      "resolved": "https://packages.applied-caas-gateway1.internal.api.openai.org/artifactory/api/npm/npm-public/process-nextick-args/-/process-nextick-args-2.0.1.tgz",
      "integrity": "sha512-3ouUOpQhtgrbOa17J7+uxOTpITYWaGP7/AhoR3+A+/1e9skrzelGi/dXzEYyvbxubEF6Wn2ypscTKiKJFFn1ag==",
      "license": "MIT"
    },
    "node_modules/property-information": {
      "version": "5.6.0",
      "resolved": "https://packages.applied-caas-gateway1.internal.api.openai.org/artifactory/api/npm/npm-public/property-information/-/property-information-5.6.0.tgz",
      "integrity": "sha512-YUHSPk+A30YPv+0Qf8i9Mbfe/C0hdPXk1s1jPVToV8pk8BQtpw10ct89Eo7OWkutrwqvT0eicAxlOg3dOAu8JA==",
      "license": "MIT",
      "dependencies": {
        "xtend": "^4.0.0"
      },
      "funding": {
        "type": "github",
        "url": "https://github.com/sponsors/wooorm"
      }
    },
    "node_modules/react": {
      "version": "19.2.4",
      "resolved": "https://packages.applied-caas-gateway1.internal.api.openai.org/artifactory/api/npm/npm-public/react/-/react-19.2.4.tgz",
      "integrity": "sha512-9nfp2hYpCwOjAN+8TZFGhtWEwgvWHXqESH8qT89AT/lWklpLON22Lc8pEtnpsZz7VmawabSU0gCjnj8aC0euHQ==",
      "license": "MIT",
      "engines": {
        "node": ">=0.10.0"
      }
    },
    "node_modules/react-dom": {
      "version": "19.2.4",
      "resolved": "https://packages.applied-caas-gateway1.internal.api.openai.org/artifactory/api/npm/npm-public/react-dom/-/react-dom-19.2.4.tgz",
      "integrity": "sha512-AXJdLo8kgMbimY95O2aKQqsz2iWi9jMgKJhRBAxECE4IFxfcazB2LmzloIoibJI3C12IlY20+KFaLv+71bUJeQ==",
      "license": "MIT",
      "dependencies": {
        "scheduler": "^0.27.0"
      },
      "peerDependencies": {
        "react": "^19.2.4"
      }
    },
    "node_modules/react-syntax-highlighter": {
      "version": "15.6.6",
      "resolved": "https://packages.applied-caas-gateway1.internal.api.openai.org/artifactory/api/npm/npm-public/react-syntax-highlighter/-/react-syntax-highlighter-15.6.6.tgz",
      "integrity": "sha512-DgXrc+AZF47+HvAPEmn7Ua/1p10jNoVZVI/LoPiYdtY+OM+/nG5yefLHKJwdKqY1adMuHFbeyBaG9j64ML7vTw==",
      "dependencies": {
        "@babel/runtime": "^7.3.1",
        "highlight.js": "^10.4.1",
        "highlightjs-vue": "^1.0.0",
        "lowlight": "^1.17.0",
        "prismjs": "^1.30.0",
        "refractor": "^3.6.0"
      },
      "peerDependencies": {
        "react": ">= 0.14.0"
      }
    },
    "node_modules/readable-stream": {
      "version": "2.3.8",
      "resolved": "https://packages.applied-caas-gateway1.internal.api.openai.org/artifactory/api/npm/npm-public/readable-stream/-/readable-stream-2.3.8.tgz",
      "integrity": "sha512-8p0AUk4XODgIewSi0l8Epjs+EVnWiK7NoDIEGU0HhE7+ZyY8D1IMY7odu5lRrFXGg71L15KG8QrPmum45RTtdA==",
      "license": "MIT",
      "dependencies": {
        "core-util-is": "~1.0.0",
        "inherits": "~2.0.3",
        "isarray": "~1.0.0",
        "process-nextick-args": "~2.0.0",
        "safe-buffer": "~5.1.1",
        "string_decoder": "~1.1.1",
        "util-deprecate": "~1.0.1"
      }
    },
    "node_modules/refractor": {
      "version": "3.6.0",
      "resolved": "https://packages.applied-caas-gateway1.internal.api.openai.org/artifactory/api/npm/npm-public/refractor/-/refractor-3.6.0.tgz",
      "integrity": "sha512-MY9W41IOWxxk31o+YvFCNyNzdkc9M20NoZK5vq6jkv4I/uh2zkWcfudj0Q1fovjUQJrNewS9NMzeTtqPf+n5EA==",
      "license": "MIT",
      "dependencies": {
        "hastscript": "^6.0.0",
        "parse-entities": "^2.0.0",
        "prismjs": "~1.27.0"
      },
      "funding": {
        "type": "github",
        "url": "https://github.com/sponsors/wooorm"
      }
    },
    "node_modules/refractor/node_modules/prismjs": {
      "version": "1.27.0",
      "resolved": "https://packages.applied-caas-gateway1.internal.api.openai.org/artifactory/api/npm/npm-public/prismjs/-/prismjs-1.27.0.tgz",
      "integrity": "sha512-t13BGPUlFDR7wRB5kQDG4jjl7XeuH6jbJGt11JHPL96qwsEHNX2+68tFXqc1/k+/jALsbSWJKUOT/hcYAZ5LkA==",
      "license": "MIT",
      "engines": {
        "node": ">=6"
      }
    },
    "node_modules/safe-buffer": {
      "version": "5.1.2",
      "resolved": "https://packages.applied-caas-gateway1.internal.api.openai.org/artifactory/api/npm/npm-public/safe-buffer/-/safe-buffer-5.1.2.tgz",
      "integrity": "sha512-Gd2UZBJDkXlY7GbJxfsE8/nvKkUEU1G38c1siN6QP6a9PT9MmHB8GnpscSmMJSoF8LOIrt8ud/wPtojys4G6+g==",
      "license": "MIT"
    },
    "node_modules/scheduler": {
      "version": "0.27.0",
      "resolved": "https://packages.applied-caas-gateway1.internal.api.openai.org/artifactory/api/npm/npm-public/scheduler/-/scheduler-0.27.0.tgz",
      "integrity": "sha512-eNv+WrVbKu1f3vbYJT/xtiF5syA5HPIMtf9IgY/nKg0sWqzAUEvqY/xm7OcZc/qafLx/iO9FgOmeSAp4v5ti/Q==",
      "license": "MIT"
    },
    "node_modules/setimmediate": {
      "version": "1.0.5",
      "resolved": "https://packages.applied-caas-gateway1.internal.api.openai.org/artifactory/api/npm/npm-public/setimmediate/-/setimmediate-1.0.5.tgz",
      "integrity": "sha512-MATJdZp8sLqDl/68LfQmbP8zKPLQNV6BIZoIgrscFDQ+RsvK/BxeDQOgyxKKoh0y/8h3BqVFnCqQ/gd+reiIXA==",
      "license": "MIT"
    },
    "node_modules/space-separated-tokens": {
      "version": "1.1.5",
      "resolved": "https://packages.applied-caas-gateway1.internal.api.openai.org/artifactory/api/npm/npm-public/space-separated-tokens/-/space-separated-tokens-1.1.5.tgz",
      "integrity": "sha512-q/JSVd1Lptzhf5bkYm4ob4iWPjx0KiRe3sRFBNrVqbJkFaBm5vbbowy1mymoPNLRa52+oadOhJ+K49wsSeSjTA==",
      "license": "MIT",
      "funding": {
        "type": "github",
        "url": "https://github.com/sponsors/wooorm"
      }
    },
    "node_modules/string_decoder": {
      "version": "1.1.1",
      "resolved": "https://packages.applied-caas-gateway1.internal.api.openai.org/artifactory/api/npm/npm-public/string_decoder/-/string_decoder-1.1.1.tgz",
      "integrity": "sha512-n/ShnvDi6FHbbVfviro+WojiFzv+s8MPMHBczVePfUpDJLwoLT0ht1l4YwBCbi8pJAveEEdnkHyPyTP/mzRfwg==",
      "license": "MIT",
      "dependencies": {
        "safe-buffer": "~5.1.0"
      }
    },
    "node_modules/util-deprecate": {
      "version": "1.0.2",
      "resolved": "https://packages.applied-caas-gateway1.internal.api.openai.org/artifactory/api/npm/npm-public/util-deprecate/-/util-deprecate-1.0.2.tgz",
      "integrity": "sha512-EPD5q1uXyFxJpCrLnCc1nHnq3gOa6DZBocAIiI2TaSCA7VCJ1UJDMagCzIkXNsUYfD1daK//LTEQ8xiIbrHtcw==",
      "license": "MIT"
    },
    "node_modules/xtend": {
      "version": "4.0.2",
      "resolved": "https://packages.applied-caas-gateway1.internal.api.openai.org/artifactory/api/npm/npm-public/xtend/-/xtend-4.0.2.tgz",
      "integrity": "sha512-LKYU1iAXJXUgAXn9URjiu+MWhyUXHsvfp7mcuYm9dSUKK0/CjtrUwFAxD82/mCWbtLsGjFIad0wIsod4zrTAEQ==",
      "license": "MIT",
      "engines": {
        "node": ">=0.4"
      }
    }
  }
}
