{
  "name": "markdown_workspace",
  "version": "0.1.0",
  "lockfileVersion": 3,
  "requires": true,
  "packages": {
    "": {
      "name": "markdown_workspace",
      "version": "0.1.0",
      "workspaces": [
        "apps/*",
        "packages/contracts/*",
        "packages/renderer/*",
        "packages/editor/*",
        "packages/extensions/*",
        "packages/shared/*",
        "examples/*"
      ],
      "engines": {
        "node": ">=20 <23",
        "npm": ">=10"
      }
    },
    "apps/client": {
      "name": "@swarmauri/markspace",
      "version": "1.3.49",
      "dependencies": {
        "@markdown-workspace/ui-tokens": "1.0.0",
        "jszip": "^3.10.1",
        "lucide-react": "^0.475.0",
        "react": "^19.0.0",
        "react-dom": "^19.0.0",
        "react-syntax-highlighter": "^15.6.1",
        "@markdown-workspace/markdown-renderer-core": "1.0.0",
        "@markdown-workspace/markdown-renderer-react": "1.0.0",
        "@markdown-workspace/markdown-editor-react": "1.0.0",
        "@markdown-workspace/extension-host": "1.0.0",
        "@markdown-workspace/extension-manifest": "1.0.0",
        "@markdown-workspace/theme-contract": "1.0.0",
        "@markdown-workspace/i18n": "1.0.0",
        "@markdown-workspace/icons": "1.0.0",
        "@markdown-workspace/extension-runtime": "1.0.0",
        "@markdown-workspace/extension-manager": "1.0.0",
        "@markdown-workspace/extension-gemini-agent": "1.0.0",
        "@markdown-workspace/extension-theme-studio": "1.0.0"
      },
      "devDependencies": {
        "@testing-library/dom": "^10.4.0",
        "@testing-library/jest-dom": "^6.6.3",
        "@testing-library/react": "^16.1.0",
        "@types/node": "^22.13.5",
        "@types/react": "^19.0.8",
        "@types/react-dom": "^19.0.3",
        "@types/react-syntax-highlighter": "^15.5.13",
        "@vitejs/plugin-react": "^4.3.4",
        "autoprefixer": "^10.4.20",
        "jsdom": "^25.0.1",
        "postcss": "^8.5.1",
        "tailwindcss": "^3.4.17",
        "typescript": "^5.7.3",
        "vite": "^6.4.1",
        "vitest": "^2.1.8"
      },
      "private": false
    },
    "node_modules/@swarmauri/markspace": {
      "resolved": "apps/client",
      "link": true
    },
    "apps/lander": {
      "name": "markspace---local-first-markdown-workspace",
      "version": "0.0.10",
      "dependencies": {
        "react": "^19.2.4",
        "react-dom": "^19.2.4",
        "react-router-dom": "^7.9.3",
        "lucide-react": "^0.563.0",
        "@markdown-workspace/markdown-renderer-core": "1.0.0",
        "@markdown-workspace/markdown-renderer-react": "1.0.0",
        "@markdown-workspace/ui-tokens": "1.0.0"
      },
      "devDependencies": {
        "@types/node": "^22.14.0",
        "@vitejs/plugin-react": "^5.0.0",
        "typescript": "~5.8.2",
        "vite": "^6.2.0"
      },
      "private": true
    },
    "node_modules/markspace---local-first-markdown-workspace": {
      "resolved": "apps/lander",
      "link": true
    },
    "packages/contracts/extension-host": {
      "name": "@markdown-workspace/extension-host",
      "version": "1.0.0",
      "dependencies": {
        "@markdown-workspace/extension-manifest": "^1.0.0",
        "@markdown-workspace/theme-contract": "^1.0.0"
      },
      "engines": {
        "node": ">=20 <23"
      }
    },
    "node_modules/@markdown-workspace/extension-host": {
      "resolved": "packages/contracts/extension-host",
      "link": true
    },
    "packages/contracts/extension-manifest": {
      "name": "@markdown-workspace/extension-manifest",
      "version": "1.0.0",
      "engines": {
        "node": ">=20 <23"
      }
    },
    "node_modules/@markdown-workspace/extension-manifest": {
      "resolved": "packages/contracts/extension-manifest",
      "link": true
    },
    "packages/contracts/theme-contract": {
      "name": "@markdown-workspace/theme-contract",
      "version": "1.0.0",
      "engines": {
        "node": ">=20 <23"
      }
    },
    "node_modules/@markdown-workspace/theme-contract": {
      "resolved": "packages/contracts/theme-contract",
      "link": true
    },
    "packages/renderer/markdown-renderer-core": {
      "name": "@markdown-workspace/markdown-renderer-core",
      "version": "1.0.0",
      "dependencies": {
        "gray-matter": "^4.0.3",
        "mdast-util-to-string": "^4.0.0",
        "rehype-stringify": "^10.0.1",
        "remark-gfm": "^4.0.1",
        "remark-parse": "^11.0.0",
        "remark-rehype": "^11.1.2",
        "remark-supersub": "^1.0.0",
        "unified": "^11.0.5",
        "unist-util-visit": "^5.0.0"
      },
      "devDependencies": {
        "vitest": "^2.1.8"
      },
      "engines": {
        "node": ">=20 <23"
      }
    },
    "node_modules/@markdown-workspace/markdown-renderer-core": {
      "resolved": "packages/renderer/markdown-renderer-core",
      "link": true
    },
    "packages/renderer/markdown-renderer-react": {
      "name": "@markdown-workspace/markdown-renderer-react",
      "version": "1.0.0",
      "dependencies": {
        "@markdown-workspace/markdown-renderer-core": "1.0.0",
        "@markdown-workspace/ui-tokens": "1.0.0",
        "react-markdown": "^9.0.3",
        "react-syntax-highlighter": "^15.6.1",
        "remark-gfm": "^4.0.1",
        "remark-supersub": "^1.0.0"
      },
      "devDependencies": {
        "@types/react": "^19.0.8",
        "@types/react-dom": "^19.0.3",
        "@types/react-syntax-highlighter": "^15.5.13",
        "@testing-library/jest-dom": "^6.6.3",
        "@testing-library/react": "^16.1.0",
        "jsdom": "^25.0.1",
        "vitest": "^2.1.8"
      },
      "peerDependencies": {
        "react": "^19.0.0",
        "react-dom": "^19.0.0"
      },
      "engines": {
        "node": ">=20 <23"
      }
    },
    "node_modules/@markdown-workspace/markdown-renderer-react": {
      "resolved": "packages/renderer/markdown-renderer-react",
      "link": true
    },
    "packages/editor/markdown-editor-core": {
      "name": "@markdown-workspace/markdown-editor-core",
      "version": "1.0.0",
      "dependencies": {},
      "devDependencies": {
        "@markdown-workspace/markdown-renderer-core": "1.0.0",
        "vitest": "^2.1.8"
      },
      "engines": {
        "node": ">=20 <23"
      }
    },
    "node_modules/@markdown-workspace/markdown-editor-core": {
      "resolved": "packages/editor/markdown-editor-core",
      "link": true
    },
    "packages/editor/markdown-editor-react": {
      "name": "@markdown-workspace/markdown-editor-react",
      "version": "1.0.0",
      "dependencies": {
        "@markdown-workspace/markdown-editor-core": "1.0.0",
        "@markdown-workspace/ui-tokens": "1.0.0"
      },
      "devDependencies": {
        "@markdown-workspace/testing": "1.0.0",
        "@testing-library/jest-dom": "^6.6.3",
        "@testing-library/react": "^16.1.0",
        "@types/react": "^19.0.8",
        "@types/react-dom": "^19.0.3",
        "jsdom": "^25.0.1",
        "vitest": "^2.1.8"
      },
      "peerDependencies": {
        "react": "^19.0.0",
        "react-dom": "^19.0.0"
      },
      "engines": {
        "node": ">=20 <23"
      }
    },
    "node_modules/@markdown-workspace/markdown-editor-react": {
      "resolved": "packages/editor/markdown-editor-react",
      "link": true
    },
    "packages/shared/i18n": {
      "name": "@markdown-workspace/i18n",
      "version": "1.0.0",
      "engines": {
        "node": ">=20 <23"
      }
    },
    "node_modules/@markdown-workspace/i18n": {
      "resolved": "packages/shared/i18n",
      "link": true
    },
    "packages/shared/icons": {
      "name": "@markdown-workspace/icons",
      "version": "1.0.0",
      "engines": {
        "node": ">=20 <23"
      }
    },
    "node_modules/@markdown-workspace/icons": {
      "resolved": "packages/shared/icons",
      "link": true
    },
    "packages/shared/testing": {
      "name": "@markdown-workspace/testing",
      "version": "1.0.0",
      "engines": {
        "node": ">=20 <23"
      }
    },
    "node_modules/@markdown-workspace/testing": {
      "resolved": "packages/shared/testing",
      "link": true
    },
    "packages/shared/ui-tokens": {
      "name": "@markdown-workspace/ui-tokens",
      "version": "1.0.0",
      "dependencies": {
        "@markdown-workspace/theme-contract": "1.0.0"
      },
      "engines": {
        "node": ">=20 <23"
      }
    },
    "node_modules/@markdown-workspace/ui-tokens": {
      "resolved": "packages/shared/ui-tokens",
      "link": true
    },
    "examples/editor-basic": {
      "name": "@markdown-workspace/example-editor-basic",
      "version": "0.1.0",
      "dependencies": {
        "@markdown-workspace/markdown-editor-react": "1.0.0",
        "@markdown-workspace/markdown-renderer-react": "1.0.0",
        "@markdown-workspace/ui-tokens": "1.0.0",
        "react": "^19.0.0",
        "react-dom": "^19.0.0"
      },
      "devDependencies": {
        "@types/react": "^19.0.8",
        "@types/react-dom": "^19.0.3",
        "@vitejs/plugin-react": "^4.3.4",
        "typescript": "^5.7.3",
        "vite": "^6.4.1"
      },
      "private": true
    },
    "node_modules/@markdown-workspace/example-editor-basic": {
      "resolved": "examples/editor-basic",
      "link": true
    },
    "examples/renderer-basic": {
      "name": "@markdown-workspace/example-renderer-basic",
      "version": "0.1.0",
      "dependencies": {
        "@markdown-workspace/markdown-renderer-react": "1.0.0",
        "@markdown-workspace/ui-tokens": "1.0.0",
        "react": "^19.0.0",
        "react-dom": "^19.0.0"
      },
      "devDependencies": {
        "@types/react": "^19.0.8",
        "@types/react-dom": "^19.0.3",
        "@vitejs/plugin-react": "^4.3.4",
        "typescript": "^5.7.3",
        "vite": "^6.4.1"
      },
      "private": true
    },
    "node_modules/@markdown-workspace/example-renderer-basic": {
      "resolved": "examples/renderer-basic",
      "link": true
    },
    "packages/extensions/extension-runtime": {
      "name": "@markdown-workspace/extension-runtime",
      "version": "1.0.0",
      "dependencies": {
        "@markdown-workspace/extension-host": "1.0.0",
        "@markdown-workspace/extension-manifest": "1.0.0",
        "@markdown-workspace/theme-contract": "1.0.0"
      },
      "engines": {
        "node": ">=20 <23"
      }
    },
    "node_modules/@markdown-workspace/extension-runtime": {
      "resolved": "packages/extensions/extension-runtime",
      "link": true
    },
    "packages/extensions/extension-manager": {
      "name": "@markdown-workspace/extension-manager",
      "version": "1.0.0",
      "dependencies": {
        "@markdown-workspace/extension-host": "1.0.0",
        "@markdown-workspace/extension-manifest": "1.0.0",
        "@markdown-workspace/extension-runtime": "1.0.0",
        "lucide-react": "^0.475.0"
      },
      "peerDependencies": {
        "react": "^19.0.0",
        "react-dom": "^19.0.0"
      },
      "engines": {
        "node": ">=20 <23"
      }
    },
    "packages/extensions/extension-gemini-agent": {
      "name": "@markdown-workspace/extension-gemini-agent",
      "version": "1.0.0",
      "dependencies": {
        "@markdown-workspace/extension-host": "1.0.0",
        "@markdown-workspace/extension-manifest": "1.0.0",
        "@markdown-workspace/extension-runtime": "1.0.0"
      },
      "peerDependencies": {
        "react": "^19.0.0",
        "react-dom": "^19.0.0"
      },
      "engines": {
        "node": ">=20 <23"
      }
    },
    "packages/extensions/extension-theme-studio": {
      "name": "@markdown-workspace/extension-theme-studio",
      "version": "1.0.0",
      "dependencies": {
        "@markdown-workspace/extension-host": "1.0.0",
        "@markdown-workspace/extension-manifest": "1.0.0",
        "@markdown-workspace/extension-runtime": "1.0.0",
        "@markdown-workspace/theme-contract": "1.0.0",
        "@markdown-workspace/ui-tokens": "1.0.0",
        "@markdown-workspace/markdown-renderer-react": "1.0.0",
        "@markdown-workspace/markdown-editor-react": "1.0.0",
        "lucide-react": "^0.475.0"
      },
      "peerDependencies": {
        "react": "^19.0.0",
        "react-dom": "^19.0.0"
      },
      "engines": {
        "node": ">=20 <23"
      }
    },
    "node_modules/@markdown-workspace/extension-theme-studio": {
      "resolved": "packages/extensions/extension-theme-studio",
      "link": true
    },
    "packages/extensions/extension-catalog-hello": {
      "name": "@demo-markdown-workspace/extension-catalog-hello",
      "version": "1.0.0",
      "dependencies": {
        "@markdown-workspace/extension-host": "1.0.0",
        "@markdown-workspace/extension-manifest": "1.0.0"
      },
      "engines": {
        "node": ">=20 <23"
      }
    },
    "node_modules/@demo-markdown-workspace/extension-catalog-hello": {
      "resolved": "packages/extensions/extension-catalog-hello",
      "link": true
    }
  }
}
